// !$*UTF8*$!
{
	archiveVersion = 1;
	classes = {
	};
	objectVersion = 50;
	objects = {

/* Begin PBXBuildFile section */
		620C4FC02385DBF6001500FE /* AppDelegate.m in Sources */ = {isa = PBXBuildFile; fileRef = 620C4FBF2385DBF6001500FE /* AppDelegate.m */; };
		620C4FC32385DBF6001500FE /* SceneDelegate.m in Sources */ = {isa = PBXBuildFile; fileRef = 620C4FC22385DBF6001500FE /* SceneDelegate.m */; };
		620C4FCB2385DBF9001500FE /* Assets.xcassets in Resources */ = {isa = PBXBuildFile; fileRef = 620C4FCA2385DBF9001500FE /* Assets.xcassets */; };
		620C4FCE2385DBF9001500FE /* LaunchScreen.storyboard in Resources */ = {isa = PBXBuildFile; fileRef = 620C4FCC2385DBF9001500FE /* LaunchScreen.storyboard */; };
		620C4FD12385DBF9001500FE /* main.m in Sources */ = {isa = PBXBuildFile; fileRef = 620C4FD02385DBF9001500FE /* main.m */; };
		7A932FCA2524DD0F00A86BAB /* JDBCityAirQuality.m in Sources */ = {isa = PBXBuildFile; fileRef = 7A932FC92524DD0F00A86BAB /* JDBCityAirQuality.m */; };
		7A932FCD2524DD5100A86BAB /* JDBWeather.m in Sources */ = {isa = PBXBuildFile; fileRef = 7A932FCC2524DD5100A86BAB /* JDBWeather.m */; };
		7A932FD02524DD6200A86BAB /* JDBPollution.m in Sources */ = {isa = PBXBuildFile; fileRef = 7A932FCF2524DD6200A86BAB /* JDBPollution.m */; };
		7A932FD52524EB4A00A86BAB /* JDBCityAirQualityController.m in Sources */ = {isa = PBXBuildFile; fileRef = 7A932FD42524EB4A00A86BAB /* JDBCityAirQualityController.m */; };
		7A932FE32524FC6A00A86BAB /* CountriesTableViewController.swift in Sources */ = {isa = PBXBuildFile; fileRef = 7A932FE22524FC6A00A86BAB /* CountriesTableViewController.swift */; };
		7A932FE52525003700A86BAB /* StatesTableViewController.swift in Sources */ = {isa = PBXBuildFile; fileRef = 7A932FE42525003700A86BAB /* StatesTableViewController.swift */; };
		7A932FE725250DA700A86BAB /* CitiesTableViewController.swift in Sources */ = {isa = PBXBuildFile; fileRef = 7A932FE625250DA700A86BAB /* CitiesTableViewController.swift */; };
		7A932FE9252518F700A86BAB /* DetailViewController.swift in Sources */ = {isa = PBXBuildFile; fileRef = 7A932FE8252518F700A86BAB /* DetailViewController.swift */; };
		7EDFB30B24B6A8DB00B08E8C /* Main.storyboard in Resources */ = {isa = PBXBuildFile; fileRef = 7EDFB30A24B6A8DB00B08E8C /* Main.storyboard */; };
/* End PBXBuildFile section */

/* Begin PBXFileReference section */
		620C4FBB2385DBF6001500FE /* AirQuality ObjC.app */ = {isa = PBXFileReference; explicitFileType = wrapper.application; includeInIndex = 0; path = "AirQuality ObjC.app"; sourceTree = BUILT_PRODUCTS_DIR; };
		620C4FBE2385DBF6001500FE /* AppDelegate.h */ = {isa = PBXFileReference; lastKnownFileType = sourcecode.c.h; path = AppDelegate.h; sourceTree = "<group>"; };
		620C4FBF2385DBF6001500FE /* AppDelegate.m */ = {isa = PBXFileReference; lastKnownFileType = sourcecode.c.objc; path = AppDelegate.m; sourceTree = "<group>"; };
		620C4FC12385DBF6001500FE /* SceneDelegate.h */ = {isa = PBXFileReference; lastKnownFileType = sourcecode.c.h; path = SceneDelegate.h; sourceTree = "<group>"; };
		620C4FC22385DBF6001500FE /* SceneDelegate.m */ = {isa = PBXFileReference; lastKnownFileType = sourcecode.c.objc; path = SceneDelegate.m; sourceTree = "<group>"; };
		620C4FCA2385DBF9001500FE /* Assets.xcassets */ = {isa = PBXFileReference; lastKnownFileType = folder.assetcatalog; path = Assets.xcassets; sourceTree = "<group>"; };
		620C4FCD2385DBF9001500FE /* Base */ = {isa = PBXFileReference; lastKnownFileType = file.storyboard; name = Base; path = Base.lproj/LaunchScreen.storyboard; sourceTree = "<group>"; };
		620C4FCF2385DBF9001500FE /* Info.plist */ = {isa = PBXFileReference; lastKnownFileType = text.plist.xml; path = Info.plist; sourceTree = "<group>"; };
		620C4FD02385DBF9001500FE /* main.m */ = {isa = PBXFileReference; lastKnownFileType = sourcecode.c.objc; path = main.m; sourceTree = "<group>"; };
		7A932FC82524DD0F00A86BAB /* JDBCityAirQuality.h */ = {isa = PBXFileReference; lastKnownFileType = sourcecode.c.h; path = JDBCityAirQuality.h; sourceTree = "<group>"; };
		7A932FC92524DD0F00A86BAB /* JDBCityAirQuality.m */ = {isa = PBXFileReference; lastKnownFileType = sourcecode.c.objc; path = JDBCityAirQuality.m; sourceTree = "<group>"; };
		7A932FCB2524DD5100A86BAB /* JDBWeather.h */ = {isa = PBXFileReference; lastKnownFileType = sourcecode.c.h; path = JDBWeather.h; sourceTree = "<group>"; };
		7A932FCC2524DD5100A86BAB /* JDBWeather.m */ = {isa = PBXFileReference; lastKnownFileType = sourcecode.c.objc; path = JDBWeather.m; sourceTree = "<group>"; };
		7A932FCE2524DD6200A86BAB /* JDBPollution.h */ = {isa = PBXFileReference; lastKnownFileType = sourcecode.c.h; path = JDBPollution.h; sourceTree = "<group>"; };
		7A932FCF2524DD6200A86BAB /* JDBPollution.m */ = {isa = PBXFileReference; lastKnownFileType = sourcecode.c.objc; path = JDBPollution.m; sourceTree = "<group>"; };
		7A932FD32524EB4A00A86BAB /* JDBCityAirQualityController.h */ = {isa = PBXFileReference; lastKnownFileType = sourcecode.c.h; path = JDBCityAirQualityController.h; sourceTree = "<group>"; };
		7A932FD42524EB4A00A86BAB /* JDBCityAirQualityController.m */ = {isa = PBXFileReference; lastKnownFileType = sourcecode.c.objc; path = JDBCityAirQualityController.m; sourceTree = "<group>"; };
		7A932FE12524FC3A00A86BAB /* AirQuality ObjC-Bridging-Header.h */ = {isa = PBXFileReference; lastKnownFileType = sourcecode.c.h; path = "AirQuality ObjC-Bridging-Header.h"; sourceTree = "<group>"; };
		7A932FE22524FC6A00A86BAB /* CountriesTableViewController.swift */ = {isa = PBXFileReference; lastKnownFileType = sourcecode.swift; path = CountriesTableViewController.swift; sourceTree = "<group>"; };
		7A932FE42525003700A86BAB /* StatesTableViewController.swift */ = {isa = PBXFileReference; lastKnownFileType = sourcecode.swift; path = StatesTableViewController.swift; sourceTree = "<group>"; };
		7A932FE625250DA700A86BAB /* CitiesTableViewController.swift */ = {isa = PBXFileReference; lastKnownFileType = sourcecode.swift; path = CitiesTableViewController.swift; sourceTree = "<group>"; };
		7A932FE8252518F700A86BAB /* DetailViewController.swift */ = {isa = PBXFileReference; lastKnownFileType = sourcecode.swift; path = DetailViewController.swift; sourceTree = "<group>"; };
		7EDFB30A24B6A8DB00B08E8C /* Main.storyboard */ = {isa = PBXFileReference; lastKnownFileType = file.storyboard; path = Main.storyboard; sourceTree = "<group>"; };
/* End PBXFileReference section */

/* Begin PBXFrameworksBuildPhase section */
		620C4FB82385DBF6001500FE /* Frameworks */ = {
			isa = PBXFrameworksBuildPhase;
			buildActionMask = 2147483647;
			files = (
			);
			runOnlyForDeploymentPostprocessing = 0;
		};
/* End PBXFrameworksBuildPhase section */

/* Begin PBXGroup section */
		620C4FB22385DBF6001500FE = {
			isa = PBXGroup;
			children = (
				620C4FBD2385DBF6001500FE /* AirQuality ObjC */,
				620C4FBC2385DBF6001500FE /* Products */,
			);
			sourceTree = "<group>";
		};
		620C4FBC2385DBF6001500FE /* Products */ = {
			isa = PBXGroup;
			children = (
				620C4FBB2385DBF6001500FE /* AirQuality ObjC.app */,
			);
			name = Products;
			sourceTree = "<group>";
		};
		620C4FBD2385DBF6001500FE /* AirQuality ObjC */ = {
			isa = PBXGroup;
			children = (
				7A932FE12524FC3A00A86BAB /* AirQuality ObjC-Bridging-Header.h */,
				7A932FD12524E89F00A86BAB /* Controllers */,
				7A932FC52524D87300A86BAB /* Models */,
				7EDFB30924B6A8C700B08E8C /* Views */,
				620C4FD72385DDA8001500FE /* Resources */,
			);
			path = "AirQuality ObjC";
			sourceTree = "<group>";
		};
		620C4FD72385DDA8001500FE /* Resources */ = {
			isa = PBXGroup;
			children = (
				620C4FBE2385DBF6001500FE /* AppDelegate.h */,
				620C4FBF2385DBF6001500FE /* AppDelegate.m */,
				620C4FC12385DBF6001500FE /* SceneDelegate.h */,
				620C4FC22385DBF6001500FE /* SceneDelegate.m */,
				620C4FCA2385DBF9001500FE /* Assets.xcassets */,
				620C4FCC2385DBF9001500FE /* LaunchScreen.storyboard */,
				620C4FCF2385DBF9001500FE /* Info.plist */,
				620C4FD02385DBF9001500FE /* main.m */,
			);
			path = Resources;
			sourceTree = "<group>";
		};
		7A932FC52524D87300A86BAB /* Models */ = {
			isa = PBXGroup;
			children = (
				7A932FC82524DD0F00A86BAB /* JDBCityAirQuality.h */,
				7A932FC92524DD0F00A86BAB /* JDBCityAirQuality.m */,
				7A932FCB2524DD5100A86BAB /* JDBWeather.h */,
				7A932FCC2524DD5100A86BAB /* JDBWeather.m */,
				7A932FCE2524DD6200A86BAB /* JDBPollution.h */,
				7A932FCF2524DD6200A86BAB /* JDBPollution.m */,
			);
			path = Models;
			sourceTree = "<group>";
		};
		7A932FD12524E89F00A86BAB /* Controllers */ = {
			isa = PBXGroup;
			children = (
				7A932FD62524F42E00A86BAB /* View Controllers */,
				7A932FD22524E8A500A86BAB /* Model Controllers */,
			);
			path = Controllers;
			sourceTree = "<group>";
		};
		7A932FD22524E8A500A86BAB /* Model Controllers */ = {
			isa = PBXGroup;
			children = (
				7A932FD32524EB4A00A86BAB /* JDBCityAirQualityController.h */,
				7A932FD42524EB4A00A86BAB /* JDBCityAirQualityController.m */,
			);
			path = "Model Controllers";
			sourceTree = "<group>";
		};
		7A932FD62524F42E00A86BAB /* View Controllers */ = {
			isa = PBXGroup;
			children = (
				7A932FE22524FC6A00A86BAB /* CountriesTableViewController.swift */,
				7A932FE42525003700A86BAB /* StatesTableViewController.swift */,
				7A932FE625250DA700A86BAB /* CitiesTableViewController.swift */,
				7A932FE8252518F700A86BAB /* DetailViewController.swift */,
			);
			path = "View Controllers";
			sourceTree = "<group>";
		};
		7EDFB30924B6A8C700B08E8C /* Views */ = {
			isa = PBXGroup;
			children = (
				7EDFB30A24B6A8DB00B08E8C /* Main.storyboard */,
			);
			path = Views;
			sourceTree = "<group>";
		};
/* End PBXGroup section */

/* Begin PBXNativeTarget section */
		620C4FBA2385DBF6001500FE /* AirQuality ObjC */ = {
			isa = PBXNativeTarget;
			buildConfigurationList = 620C4FD42385DBF9001500FE /* Build configuration list for PBXNativeTarget "AirQuality ObjC" */;
			buildPhases = (
				620C4FB72385DBF6001500FE /* Sources */,
				620C4FB82385DBF6001500FE /* Frameworks */,
				620C4FB92385DBF6001500FE /* Resources */,
			);
			buildRules = (
			);
			dependencies = (
			);
			name = "AirQuality ObjC";
			productName = "AirQuality ObjC";
			productReference = 620C4FBB2385DBF6001500FE /* AirQuality ObjC.app */;
			productType = "com.apple.product-type.application";
		};
/* End PBXNativeTarget section */

/* Begin PBXProject section */
		620C4FB32385DBF6001500FE /* Project object */ = {
			isa = PBXProject;
			attributes = {
				CLASSPREFIX = JDB;
				LastUpgradeCheck = 1120;
				ORGANIZATIONNAME = "RYAN GREENBURG";
				TargetAttributes = {
					620C4FBA2385DBF6001500FE = {
						CreatedOnToolsVersion = 11.2.1;
						LastSwiftMigration = 1120;
					};
				};
			};
			buildConfigurationList = 620C4FB62385DBF6001500FE /* Build configuration list for PBXProject "AirQuality ObjC" */;
			compatibilityVersion = "Xcode 9.3";
			developmentRegion = en;
			hasScannedForEncodings = 0;
			knownRegions = (
				en,
				Base,
			);
			mainGroup = 620C4FB22385DBF6001500FE;
			productRefGroup = 620C4FBC2385DBF6001500FE /* Products */;
			projectDirPath = "";
			projectRoot = "";
			targets = (
				620C4FBA2385DBF6001500FE /* AirQuality ObjC */,
			);
		};
/* End PBXProject section */

/* Begin PBXResourcesBuildPhase section */
		620C4FB92385DBF6001500FE /* Resources */ = {
			isa = PBXResourcesBuildPhase;
			buildActionMask = 2147483647;
			files = (
				7EDFB30B24B6A8DB00B08E8C /* Main.storyboard in Resources */,
				620C4FCE2385DBF9001500FE /* LaunchScreen.storyboard in Resources */,
				620C4FCB2385DBF9001500FE /* Assets.xcassets in Resources */,
			);
			runOnlyForDeploymentPostprocessing = 0;
		};
/* End PBXResourcesBuildPhase section */

/* Begin PBXSourcesBuildPhase section */
		620C4FB72385DBF6001500FE /* Sources */ = {
			isa = PBXSourcesBuildPhase;
			buildActionMask = 2147483647;
			files = (
				7A932FE9252518F700A86BAB /* DetailViewController.swift in Sources */,
				7A932FE32524FC6A00A86BAB /* CountriesTableViewController.swift in Sources */,
				7A932FCA2524DD0F00A86BAB /* JDBCityAirQuality.m in Sources */,
				7A932FD02524DD6200A86BAB /* JDBPollution.m in Sources */,
				620C4FC02385DBF6001500FE /* AppDelegate.m in Sources */,
				7A932FE52525003700A86BAB /* StatesTableViewController.swift in Sources */,
				7A932FD52524EB4A00A86BAB /* JDBCityAirQualityController.m in Sources */,
				7A932FE725250DA700A86BAB /* CitiesTableViewController.swift in Sources */,
				620C4FD12385DBF9001500FE /* main.m in Sources */,
				620C4FC32385DBF6001500FE /* SceneDelegate.m in Sources */,
				7A932FCD2524DD5100A86BAB /* JDBWeather.m in Sources */,
			);
			runOnlyForDeploymentPostprocessing = 0;
		};
/* End PBXSourcesBuildPhase section */

/* Begin PBXVariantGroup section */
		620C4FCC2385DBF9001500FE /* LaunchScreen.storyboard */ = {
			isa = PBXVariantGroup;
			children = (
				620C4FCD2385DBF9001500FE /* Base */,
			);
			name = LaunchScreen.storyboard;
			sourceTree = "<group>";
		};
/* End PBXVariantGroup section */

/* Begin XCBuildConfiguration section */
		620C4FD22385DBF9001500FE /* Debug */ = {
			isa = XCBuildConfiguration;
			buildSettings = {
				ALWAYS_SEARCH_USER_PATHS = NO;
				CLANG_ANALYZER_NONNULL = YES;
				CLANG_ANALYZER_NUMBER_OBJECT_CONVERSION = YES_AGGRESSIVE;
				CLANG_CXX_LANGUAGE_STANDARD = "gnu++14";
				CLANG_CXX_LIBRARY = "libc++";
				CLANG_ENABLE_MODULES = YES;
				CLANG_ENABLE_OBJC_ARC = YES;
				CLANG_ENABLE_OBJC_WEAK = YES;
				CLANG_WARN_BLOCK_CAPTURE_AUTORELEASING = YES;
				CLANG_WARN_BOOL_CONVERSION = YES;
				CLANG_WARN_COMMA = YES;
				CLANG_WARN_CONSTANT_CONVERSION = YES;
				CLANG_WARN_DEPRECATED_OBJC_IMPLEMENTATIONS = YES;
				CLANG_WARN_DIRECT_OBJC_ISA_USAGE = YES_ERROR;
				CLANG_WARN_DOCUMENTATION_COMMENTS = YES;
				CLANG_WARN_EMPTY_BODY = YES;
				CLANG_WARN_ENUM_CONVERSION = YES;
				CLANG_WARN_INFINITE_RECURSION = YES;
				CLANG_WARN_INT_CONVERSION = YES;
				CLANG_WARN_NON_LITERAL_NULL_CONVERSION = YES;
				CLANG_WARN_OBJC_IMPLICIT_RETAIN_SELF = YES;
				CLANG_WARN_OBJC_LITERAL_CONVERSION = YES;
				CLANG_WARN_OBJC_ROOT_CLASS = YES_ERROR;
				CLANG_WARN_RANGE_LOOP_ANALYSIS = YES;
				CLANG_WARN_STRICT_PROTOTYPES = YES;
				CLANG_WARN_SUSPICIOUS_MOVE = YES;
				CLANG_WARN_UNGUARDED_AVAILABILITY = YES_AGGRESSIVE;
				CLANG_WARN_UNREACHABLE_CODE = YES;
				CLANG_WARN__DUPLICATE_METHOD_MATCH = YES;
				COPY_PHASE_STRIP = NO;
				DEBUG_INFORMATION_FORMAT = dwarf;
				ENABLE_STRICT_OBJC_MSGSEND = YES;
				ENABLE_TESTABILITY = YES;
				GCC_C_LANGUAGE_STANDARD = gnu11;
				GCC_DYNAMIC_NO_PIC = NO;
				GCC_NO_COMMON_BLOCKS = YES;
				GCC_OPTIMIZATION_LEVEL = 0;
				GCC_PREPROCESSOR_DEFINITIONS = (
					"DEBUG=1",
					"$(inherited)",
				);
				GCC_WARN_64_TO_32_BIT_CONVERSION = YES;
				GCC_WARN_ABOUT_RETURN_TYPE = YES_ERROR;
				GCC_WARN_UNDECLARED_SELECTOR = YES;
				GCC_WARN_UNINITIALIZED_AUTOS = YES_AGGRESSIVE;
				GCC_WARN_UNUSED_FUNCTION = YES;
				GCC_WARN_UNUSED_VARIABLE = YES;
				IPHONEOS_DEPLOYMENT_TARGET = 13.2;
				MTL_ENABLE_DEBUG_INFO = INCLUDE_SOURCE;
				MTL_FAST_MATH = YES;
				ONLY_ACTIVE_ARCH = YES;
				SDKROOT = iphoneos;
				SWIFT_OBJC_BRIDGING_HEADER = "$(PROJECT_DIR)/$(PROJECT_NAME)/$(PROJECT_NAME)-Bridging-Header.h";
			};
			name = Debug;
		};
		620C4FD32385DBF9001500FE /* Release */ = {
			isa = XCBuildConfiguration;
			buildSettings = {
				ALWAYS_SEARCH_USER_PATHS = NO;
				CLANG_ANALYZER_NONNULL = YES;
				CLANG_ANALYZER_NUMBER_OBJECT_CONVERSION = YES_AGGRESSIVE;
				CLANG_CXX_LANGUAGE_STANDARD = "gnu++14";
				CLANG_CXX_LIBRARY = "libc++";
				CLANG_ENABLE_MODULES = YES;
				CLANG_ENABLE_OBJC_ARC = YES;
				CLANG_ENABLE_OBJC_WEAK = YES;
				CLANG_WARN_BLOCK_CAPTURE_AUTORELEASING = YES;
				CLANG_WARN_BOOL_CONVERSION = YES;
				CLANG_WARN_COMMA = YES;
				CLANG_WARN_CONSTANT_CONVERSION = YES;
				CLANG_WARN_DEPRECATED_OBJC_IMPLEMENTATIONS = YES;
				CLANG_WARN_DIRECT_OBJC_ISA_USAGE = YES_ERROR;
				CLANG_WARN_DOCUMENTATION_COMMENTS = YES;
				CLANG_WARN_EMPTY_BODY = YES;
				CLANG_WARN_ENUM_CONVERSION = YES;
				CLANG_WARN_INFINITE_RECURSION = YES;
				CLANG_WARN_INT_CONVERSION = YES;
				CLANG_WARN_NON_LITERAL_NULL_CONVERSION = YES;
				CLANG_WARN_OBJC_IMPLICIT_RETAIN_SELF = YES;
				CLANG_WARN_OBJC_LITERAL_CONVERSION = YES;
				CLANG_WARN_OBJC_ROOT_CLASS = YES_ERROR;
				CLANG_WARN_RANGE_LOOP_ANALYSIS = YES;
				CLANG_WARN_STRICT_PROTOTYPES = YES;
				CLANG_WARN_SUSPICIOUS_MOVE = YES;
				CLANG_WARN_UNGUARDED_AVAILABILITY = YES_AGGRESSIVE;
				CLANG_WARN_UNREACHABLE_CODE = YES;
				CLANG_WARN__DUPLICATE_METHOD_MATCH = YES;
				COPY_PHASE_STRIP = NO;
				DEBUG_INFORMATION_FORMAT = "dwarf-with-dsym";
				ENABLE_NS_ASSERTIONS = NO;
				ENABLE_STRICT_OBJC_MSGSEND = YES;
				GCC_C_LANGUAGE_STANDARD = gnu11;
				GCC_NO_COMMON_BLOCKS = YES;
				GCC_WARN_64_TO_32_BIT_CONVERSION = YES;
				GCC_WARN_ABOUT_RETURN_TYPE = YES_ERROR;
				GCC_WARN_UNDECLARED_SELECTOR = YES;
				GCC_WARN_UNINITIALIZED_AUTOS = YES_AGGRESSIVE;
				GCC_WARN_UNUSED_FUNCTION = YES;
				GCC_WARN_UNUSED_VARIABLE = YES;
				IPHONEOS_DEPLOYMENT_TARGET = 13.2;
				MTL_ENABLE_DEBUG_INFO = NO;
				MTL_FAST_MATH = YES;
				SDKROOT = iphoneos;
				SWIFT_OBJC_BRIDGING_HEADER = "$(PROJECT_DIR)/$(PROJECT_NAME)/$(PROJECT_NAME)-Bridging-Header.h";
				VALIDATE_PRODUCT = YES;
			};
			name = Release;
		};
		620C4FD52385DBF9001500FE /* Debug */ = {
			isa = XCBuildConfiguration;
			buildSettings = {
				ASSETCATALOG_COMPILER_APPICON_NAME = AppIcon;
				CLANG_ENABLE_MODULES = YES;
				CODE_SIGN_STYLE = Automatic;
				DEVELOPMENT_TEAM = PPT8LS6UXM;
				INFOPLIST_FILE = "$(SRCROOT)/AirQuality ObjC/Resources/Info.plist";
				LD_RUNPATH_SEARCH_PATHS = (
					"$(inherited)",
					"@executable_path/Frameworks",
				);
				PRODUCT_BUNDLE_IDENTIFIER = "RG.AirQuality-ObjC";
				PRODUCT_NAME = "$(TARGET_NAME)";
				SWIFT_OBJC_BRIDGING_HEADER = "AirQuality ObjC/AirQuality ObjC-Bridging-Header.h";
				SWIFT_OPTIMIZATION_LEVEL = "-Onone";
				SWIFT_VERSION = 5.0;
				TARGETED_DEVICE_FAMILY = "1,2";
			};
			name = Debug;
		};
		620C4FD62385DBF9001500FE /* Release */ = {
			isa = XCBuildConfiguration;
			buildSettings = {
				ASSETCATALOG_COMPILER_APPICON_NAME = AppIcon;
				CLANG_ENABLE_MODULES = YES;
				CODE_SIGN_STYLE = Automatic;
				DEVELOPMENT_TEAM = PPT8LS6UXM;
				INFOPLIST_FILE = "$(SRCROOT)/AirQuality ObjC/Resources/Info.plist";
				LD_RUNPATH_SEARCH_PATHS = (
					"$(inherited)",
					"@executable_path/Frameworks",
				);
				PRODUCT_BUNDLE_IDENTIFIER = "RG.AirQuality-ObjC";
				PRODUCT_NAME = "$(TARGET_NAME)";
				SWIFT_OBJC_BRIDGING_HEADER = "AirQuality ObjC/AirQuality ObjC-Bridging-Header.h";
				SWIFT_VERSION = 5.0;
				TARGETED_DEVICE_FAMILY = "1,2";
			};
			name = Release;
		};
/* End XCBuildConfiguration section */

/* Begin XCConfigurationList section */
		620C4FB62385DBF6001500FE /* Build configuration list for PBXProject "AirQuality ObjC" */ = {
			isa = XCConfigurationList;
			buildConfigurations = (
				620C4FD22385DBF9001500FE /* Debug */,
				620C4FD32385DBF9001500FE /* Release */,
			);
			defaultConfigurationIsVisible = 0;
			defaultConfigurationName = Release;
		};
		620C4FD42385DBF9001500FE /* Build configuration list for PBXNativeTarget "AirQuality ObjC" */ = {
			isa = XCConfigurationList;
			buildConfigurations = (
				620C4FD52385DBF9001500FE /* Debug */,
				620C4FD62385DBF9001500FE /* Release */,
			);
			defaultConfigurationIsVisible = 0;
			defaultConfigurationName = Release;
		};
/* End XCConfigurationList section */
	};
	rootObject = 620C4FB32385DBF6001500FE /* Project object */;
}
